
Microsoft Visual Studio Solution File, Format Version 12.00
# Visual Studio Version 16
VisualStudioVersion = 16.0.810.11
MinimumVisualStudioVersion = 10.0.40219.1
Project("{FAE04EC0-301F-11D3-BF4B-00C04F79EFBC}") = "DevOpsChallenge.SalesApi", "DevOpsChallenge.SalesApi.csproj", "{C652B302-5454-4679-8DA0-E6085A2B5D2F}"
EndProject
Project("{FAE04EC0-301F-11D3-BF4B-00C04F79EFBC}") = "DevOpsChallenge.SalesApi.Business", "..\DevOpsChallenge.SalesApi.Business\DevOpsChallenge.SalesApi.Business.csproj", "{E87D749F-C1E5-4893-AF56-711FEE44FC27}"
EndProject
Project("{FAE04EC0-301F-11D3-BF4B-00C04F79EFBC}") = "DevOpsChallenge.SalesApi.Database", "..\DevOpsChallenge.SalesApi.Database\DevOpsChallenge.SalesApi.Database.csproj", "{58895ECF-2E58-4947-A0D2-EC527AC906CE}"
EndProject
Global
	GlobalSection(SolutionConfigurationPlatforms) = preSolution
		Debug|Any CPU = Debug|Any CPU
		Release|Any CPU = Release|Any CPU
	EndGlobalSection
	GlobalSection(ProjectConfigurationPlatforms) = postSolution
		{C652B302-5454-4679-8DA0-E6085A2B5D2F}.Debug|Any CPU.ActiveCfg = Debug|Any CPU
		{C652B302-5454-4679-8DA0-E6085A2B5D2F}.Debug|Any CPU.Build.0 = Debug|Any CPU
		{C652B302-5454-4679-8DA0-E6085A2B5D2F}.Release|Any CPU.ActiveCfg = Release|Any CPU
		{C652B302-5454-4679-8DA0-E6085A2B5D2F}.Release|Any CPU.Build.0 = Release|Any CPU
		{E87D749F-C1E5-4893-AF56-711FEE44FC27}.Debug|Any CPU.ActiveCfg = Debug|Any CPU
		{E87D749F-C1E5-4893-AF56-711FEE44FC27}.Debug|Any CPU.Build.0 = Debug|Any CPU
		{E87D749F-C1E5-4893-AF56-711FEE44FC27}.Release|Any CPU.ActiveCfg = Release|Any CPU
		{E87D749F-C1E5-4893-AF56-711FEE44FC27}.Release|Any CPU.Build.0 = Release|Any CPU
		{58895ECF-2E58-4947-A0D2-EC527AC906CE}.Debug|Any CPU.ActiveCfg = Debug|Any CPU
		{58895ECF-2E58-4947-A0D2-EC527AC906CE}.Debug|Any CPU.Build.0 = Debug|Any CPU
		{58895ECF-2E58-4947-A0D2-EC527AC906CE}.Release|Any CPU.ActiveCfg = Release|Any CPU
		{58895ECF-2E58-4947-A0D2-EC527AC906CE}.Release|Any CPU.Build.0 = Release|Any CPU
	EndGlobalSection
	GlobalSection(SolutionProperties) = preSolution
		HideSolutionNode = FALSE
	EndGlobalSection
	GlobalSection(ExtensibilityGlobals) = postSolution
		SolutionGuid = {7E7A0461-01E8-4A02-A69D-374E613FB39E}
	EndGlobalSection
EndGlobal
